
Microsoft Visual Studio Solution File, Format Version 12.00
# Visual Studio Version 17
VisualStudioVersion = 17.9.34723.18
MinimumVisualStudioVersion = 10.0.40219.1
Project("{FAE04EC0-301F-11D3-BF4B-00C04F79EFBC}") = "PERSONEL_KAYIT", "PERSONEL_KAYIT\PERSONEL_KAYIT.csproj", "{7603877C-E2C7-482B-811A-EB6AFE0FB789}"
EndProject
Global
	GlobalSection(SolutionConfigurationPlatforms) = preSolution
		Debug|Any CPU = Debug|Any CPU
		Release|Any CPU = Release|Any CPU
	EndGlobalSection
	GlobalSection(ProjectConfigurationPlatforms) = postSolution
		{7603877C-E2C7-482B-811A-EB6AFE0FB789}.Debug|Any CPU.ActiveCfg = Debug|Any CPU
		{7603877C-E2C7-482B-811A-EB6AFE0FB789}.Debug|Any CPU.Build.0 = Debug|Any CPU
		{7603877C-E2C7-482B-811A-EB6AFE0FB789}.Release|Any CPU.ActiveCfg = Release|Any CPU
		{7603877C-E2C7-482B-811A-EB6AFE0FB789}.Release|Any CPU.Build.0 = Release|Any CPU
	EndGlobalSection
	GlobalSection(SolutionProperties) = preSolution
		HideSolutionNode = FALSE
	EndGlobalSection
	GlobalSection(ExtensibilityGlobals) = postSolution
		SolutionGuid = {FEC9ECD2-B736-425B-8AB2-CE3FA82A7423}
	EndGlobalSection
EndGlobal
